
Microsoft Visual Studio Solution File, Format Version 12.00
# Visual Studio Version 16
VisualStudioVersion = 16.0.30711.63
MinimumVisualStudioVersion = 10.0.40219.1
Project("{FAE04EC0-301F-11D3-BF4B-00C04F79EFBC}") = "warcraftGame", "warcraftGame\warcraftGame.csproj", "{57DDAAC5-CE60-4065-9D21-C0150D6C3C64}"
EndProject
Global
	GlobalSection(SolutionConfigurationPlatforms) = preSolution
		Debug|Any CPU = Debug|Any CPU
		Release|Any CPU = Release|Any CPU
	EndGlobalSection
	GlobalSection(ProjectConfigurationPlatforms) = postSolution
		{57DDAAC5-CE60-4065-9D21-C0150D6C3C64}.Debug|Any CPU.ActiveCfg = Debug|Any CPU
		{57DDAAC5-CE60-4065-9D21-C0150D6C3C64}.Debug|Any CPU.Build.0 = Debug|Any CPU
		{57DDAAC5-CE60-4065-9D21-C0150D6C3C64}.Release|Any CPU.ActiveCfg = Release|Any CPU
		{57DDAAC5-CE60-4065-9D21-C0150D6C3C64}.Release|Any CPU.Build.0 = Release|Any CPU
	EndGlobalSection
	GlobalSection(SolutionProperties) = preSolution
		HideSolutionNode = FALSE
	EndGlobalSection
	GlobalSection(ExtensibilityGlobals) = postSolution
		SolutionGuid = {37E0DE78-DD1B-4573-BE67-A68C6FB81FC0}
	EndGlobalSection
EndGlobal
